
Microsoft Visual Studio Solution File, Format Version 12.00
# Visual Studio Version 17
VisualStudioVersion = 17.3.32929.385
MinimumVisualStudioVersion = 10.0.40219.1
Project("{FAE04EC0-301F-11D3-BF4B-00C04F79EFBC}") = "ZandronumMapListGen", "ZandronumMapListGen.csproj", "{D1740EB6-84DF-43D5-A399-91512721F609}"
EndProject
Global
	GlobalSection(SolutionConfigurationPlatforms) = preSolution
		Debug|Any CPU = Debug|Any CPU
		Release|Any CPU = Release|Any CPU
	EndGlobalSection
	GlobalSection(ProjectConfigurationPlatforms) = postSolution
		{D1740EB6-84DF-43D5-A399-91512721F609}.Debug|Any CPU.ActiveCfg = Debug|Any CPU
		{D1740EB6-84DF-43D5-A399-91512721F609}.Debug|Any CPU.Build.0 = Debug|Any CPU
		{D1740EB6-84DF-43D5-A399-91512721F609}.Release|Any CPU.ActiveCfg = Release|Any CPU
		{D1740EB6-84DF-43D5-A399-91512721F609}.Release|Any CPU.Build.0 = Release|Any CPU
	EndGlobalSection
	GlobalSection(SolutionProperties) = preSolution
		HideSolutionNode = FALSE
	EndGlobalSection
	GlobalSection(ExtensibilityGlobals) = postSolution
		SolutionGuid = {E7BDB8C3-A242-468C-B8BE-2594FF21FBC0}
	EndGlobalSection
EndGlobal
